
Microsoft Visual Studio Solution File, Format Version 12.00
# Visual Studio Version 16
VisualStudioVersion = 16.0.30907.101
MinimumVisualStudioVersion = 10.0.40219.1
Project("{FAE04EC0-301F-11D3-BF4B-00C04F79EFBC}") = "test 1", "test 1\test 1.csproj", "{9EC93CC6-3960-4FC9-B193-2878FCE28A8B}"
EndProject
Global
	GlobalSection(SolutionConfigurationPlatforms) = preSolution
		Debug|Any CPU = Debug|Any CPU
		Release|Any CPU = Release|Any CPU
	EndGlobalSection
	GlobalSection(ProjectConfigurationPlatforms) = postSolution
		{9EC93CC6-3960-4FC9-B193-2878FCE28A8B}.Debug|Any CPU.ActiveCfg = Debug|Any CPU
		{9EC93CC6-3960-4FC9-B193-2878FCE28A8B}.Debug|Any CPU.Build.0 = Debug|Any CPU
		{9EC93CC6-3960-4FC9-B193-2878FCE28A8B}.Release|Any CPU.ActiveCfg = Release|Any CPU
		{9EC93CC6-3960-4FC9-B193-2878FCE28A8B}.Release|Any CPU.Build.0 = Release|Any CPU
	EndGlobalSection
	GlobalSection(SolutionProperties) = preSolution
		HideSolutionNode = FALSE
	EndGlobalSection
	GlobalSection(ExtensibilityGlobals) = postSolution
		SolutionGuid = {AF947248-2EAF-4749-AFD5-1ED766ABFD10}
	EndGlobalSection
EndGlobal
